// !$*UTF8*$!
{
	archiveVersion = 1;
	classes = {
	};
	objectVersion = 46;
	objects = {

/* Begin PBXBuildFile section */
		780BFFB71C95EAAB00D34FD3 /* AppDelegate.swift in Sources */ = {isa = PBXBuildFile; fileRef = 780BFFB61C95EAAB00D34FD3 /* AppDelegate.swift */; };
		780BFFB91C95EAAB00D34FD3 /* ViewController.swift in Sources */ = {isa = PBXBuildFile; fileRef = 780BFFB81C95EAAB00D34FD3 /* ViewController.swift */; };
		780BFFBC1C95EAAB00D34FD3 /* Main.storyboard in Resources */ = {isa = PBXBuildFile; fileRef = 780BFFBA1C95EAAB00D34FD3 /* Main.storyboard */; };
		780BFFBE1C95EAAB00D34FD3 /* Assets.xcassets in Resources */ = {isa = PBXBuildFile; fileRef = 780BFFBD1C95EAAB00D34FD3 /* Assets.xcassets */; };
		780BFFC11C95EAAB00D34FD3 /* LaunchScreen.storyboard in Resources */ = {isa = PBXBuildFile; fileRef = 780BFFBF1C95EAAB00D34FD3 /* LaunchScreen.storyboard */; };
		780BFFC91C9605D600D34FD3 /* Minecraft.ttf in Resources */ = {isa = PBXBuildFile; fileRef = 780BFFC81C9605D600D34FD3 /* Minecraft.ttf */; };
		780BFFCB1C96139C00D34FD3 /* btn.wav in Resources */ = {isa = PBXBuildFile; fileRef = 780BFFCA1C96139C00D34FD3 /* btn.wav */; };
/* End PBXBuildFile section */

/* Begin PBXFileReference section */
		780BFFB31C95EAAB00D34FD3 /* retro-calculator.app */ = {isa = PBXFileReference; explicitFileType = wrapper.application; includeInIndex = 0; path = "retro-calculator.app"; sourceTree = BUILT_PRODUCTS_DIR; };
		780BFFB61C95EAAB00D34FD3 /* AppDelegate.swift */ = {isa = PBXFileReference; lastKnownFileType = sourcecode.swift; path = AppDelegate.swift; sourceTree = "<group>"; };
		780BFFB81C95EAAB00D34FD3 /* ViewController.swift */ = {isa = PBXFileReference; lastKnownFileType = sourcecode.swift; path = ViewController.swift; sourceTree = "<group>"; };
		780BFFBB1C95EAAB00D34FD3 /* Base */ = {isa = PBXFileReference; lastKnownFileType = file.storyboard; name = Base; path = Base.lproj/Main.storyboard; sourceTree = "<group>"; };
		780BFFBD1C95EAAB00D34FD3 /* Assets.xcassets */ = {isa = PBXFileReference; lastKnownFileType = folder.assetcatalog; path = Assets.xcassets; sourceTree = "<group>"; };
		780BFFC01C95EAAB00D34FD3 /* Base */ = {isa = PBXFileReference; lastKnownFileType = file.storyboard; name = Base; path = Base.lproj/LaunchScreen.storyboard; sourceTree = "<group>"; };
		780BFFC21C95EAAB00D34FD3 /* Info.plist */ = {isa = PBXFileReference; lastKnownFileType = text.plist.xml; path = Info.plist; sourceTree = "<group>"; };
		780BFFC81C9605D600D34FD3 /* Minecraft.ttf */ = {isa = PBXFileReference; lastKnownFileType = file; path = Minecraft.ttf; sourceTree = "<group>"; };
		780BFFCA1C96139C00D34FD3 /* btn.wav */ = {isa = PBXFileReference; lastKnownFileType = audio.wav; path = btn.wav; sourceTree = "<group>"; };
/* End PBXFileReference section */

/* Begin PBXFrameworksBuildPhase section */
		780BFFB01C95EAAB00D34FD3 /* Frameworks */ = {
			isa = PBXFrameworksBuildPhase;
			buildActionMask = 2147483647;
			files = (
			);
			runOnlyForDeploymentPostprocessing = 0;
		};
/* End PBXFrameworksBuildPhase section */

/* Begin PBXGroup section */
		780BFFAA1C95EAAB00D34FD3 = {
			isa = PBXGroup;
			children = (
				780BFFB51C95EAAB00D34FD3 /* retro-calculator */,
				780BFFB41C95EAAB00D34FD3 /* Products */,
			);
			sourceTree = "<group>";
		};
		780BFFB41C95EAAB00D34FD3 /* Products */ = {
			isa = PBXGroup;
			children = (
				780BFFB31C95EAAB00D34FD3 /* retro-calculator.app */,
			);
			name = Products;
			sourceTree = "<group>";
		};
		780BFFB51C95EAAB00D34FD3 /* retro-calculator */ = {
			isa = PBXGroup;
			children = (
				780BFFC81C9605D600D34FD3 /* Minecraft.ttf */,
				780BFFCA1C96139C00D34FD3 /* btn.wav */,
				780BFFB61C95EAAB00D34FD3 /* AppDelegate.swift */,
				780BFFB81C95EAAB00D34FD3 /* ViewController.swift */,
				780BFFBA1C95EAAB00D34FD3 /* Main.storyboard */,
				780BFFBD1C95EAAB00D34FD3 /* Assets.xcassets */,
				780BFFBF1C95EAAB00D34FD3 /* LaunchScreen.storyboard */,
				780BFFC21C95EAAB00D34FD3 /* Info.plist */,
			);
			path = "retro-calculator";
			sourceTree = "<group>";
		};
/* End PBXGroup section */

/* Begin PBXNativeTarget section */
		780BFFB21C95EAAB00D34FD3 /* retro-calculator */ = {
			isa = PBXNativeTarget;
			buildConfigurationList = 780BFFC51C95EAAB00D34FD3 /* Build configuration list for PBXNativeTarget "retro-calculator" */;
			buildPhases = (
				780BFFAF1C95EAAB00D34FD3 /* Sources */,
				780BFFB01C95EAAB00D34FD3 /* Frameworks */,
				780BFFB11C95EAAB00D34FD3 /* Resources */,
			);
			buildRules = (
			);
			dependencies = (
			);
			name = "retro-calculator";
			productName = "retro-calculator";
			productReference = 780BFFB31C95EAAB00D34FD3 /* retro-calculator.app */;
			productType = "com.apple.product-type.application";
		};
/* End PBXNativeTarget section */

/* Begin PBXProject section */
		780BFFAB1C95EAAB00D34FD3 /* Project object */ = {
			isa = PBXProject;
			attributes = {
				LastSwiftUpdateCheck = 0720;
				LastUpgradeCheck = 0720;
				ORGANIZATIONNAME = "Phillip Paik";
				TargetAttributes = {
					780BFFB21C95EAAB00D34FD3 = {
						CreatedOnToolsVersion = 7.2.1;
						DevelopmentTeam = 369SH4C578;
					};
				};
			};
			buildConfigurationList = 780BFFAE1C95EAAB00D34FD3 /* Build configuration list for PBXProject "retro-calculator" */;
			compatibilityVersion = "Xcode 3.2";
			developmentRegion = English;
			hasScannedForEncodings = 0;
			knownRegions = (
				en,
				Base,
			);
			mainGroup = 780BFFAA1C95EAAB00D34FD3;
			productRefGroup = 780BFFB41C95EAAB00D34FD3 /* Products */;
			projectDirPath = "";
			projectRoot = "";
			targets = (
				780BFFB21C95EAAB00D34FD3 /* retro-calculator */,
			);
		};
/* End PBXProject section */

/* Begin PBXResourcesBuildPhase section */
		780BFFB11C95EAAB00D34FD3 /* Resources */ = {
			isa = PBXResourcesBuildPhase;
			buildActionMask = 2147483647;
			files = (
				780BFFCB1C96139C00D34FD3 /* btn.wav in Resources */,
				780BFFC11C95EAAB00D34FD3 /* LaunchScreen.storyboard in Resources */,
				780BFFBE1C95EAAB00D34FD3 /* Assets.xcassets in Resources */,
				780BFFC91C9605D600D34FD3 /* Minecraft.ttf in Resources */,
				780BFFBC1C95EAAB00D34FD3 /* Main.storyboard in Resources */,
			);
			runOnlyForDeploymentPostprocessing = 0;
		};
/* End PBXResourcesBuildPhase section */

/* Begin PBXSourcesBuildPhase section */
		780BFFAF1C95EAAB00D34FD3 /* Sources */ = {
			isa = PBXSourcesBuildPhase;
			buildActionMask = 2147483647;
			files = (
				780BFFB91C95EAAB00D34FD3 /* ViewController.swift in Sources */,
				780BFFB71C95EAAB00D34FD3 /* AppDelegate.swift in Sources */,
			);
			runOnlyForDeploymentPostprocessing = 0;
		};
/* End PBXSourcesBuildPhase section */

/* Begin PBXVariantGroup section */
		780BFFBA1C95EAAB00D34FD3 /* Main.storyboard */ = {
			isa = PBXVariantGroup;
			children = (
				780BFFBB1C95EAAB00D34FD3 /* Base */,
			);
			name = Main.storyboard;
			sourceTree = "<group>";
		};
		780BFFBF1C95EAAB00D34FD3 /* LaunchScreen.storyboard */ = {
			isa = PBXVariantGroup;
			children = (
				780BFFC01C95EAAB00D34FD3 /* Base */,
			);
			name = LaunchScreen.storyboard;
			sourceTree = "<group>";
		};
/* End PBXVariantGroup section */

/* Begin XCBuildConfiguration section */
		780BFFC31C95EAAB00D34FD3 /* Debug */ = {
			isa = XCBuildConfiguration;
			buildSettings = {
				ALWAYS_SEARCH_USER_PATHS = NO;
				CLANG_CXX_LANGUAGE_STANDARD = "gnu++0x";
				CLANG_CXX_LIBRARY = "libc++";
				CLANG_ENABLE_MODULES = YES;
				CLANG_ENABLE_OBJC_ARC = YES;
				CLANG_WARN_BOOL_CONVERSION = YES;
				CLANG_WARN_CONSTANT_CONVERSION = YES;
				CLANG_WARN_DIRECT_OBJC_ISA_USAGE = YES_ERROR;
				CLANG_WARN_EMPTY_BODY = YES;
				CLANG_WARN_ENUM_CONVERSION = YES;
				CLANG_WARN_INT_CONVERSION = YES;
				CLANG_WARN_OBJC_ROOT_CLASS = YES_ERROR;
				CLANG_WARN_UNREACHABLE_CODE = YES;
				CLANG_WARN__DUPLICATE_METHOD_MATCH = YES;
				"CODE_SIGN_IDENTITY[sdk=iphoneos*]" = "iPhone Developer";
				COPY_PHASE_STRIP = NO;
				DEBUG_INFORMATION_FORMAT = dwarf;
				ENABLE_STRICT_OBJC_MSGSEND = YES;
				ENABLE_TESTABILITY = YES;
				GCC_C_LANGUAGE_STANDARD = gnu99;
				GCC_DYNAMIC_NO_PIC = NO;
				GCC_NO_COMMON_BLOCKS = YES;
				GCC_OPTIMIZATION_LEVEL = 0;
				GCC_PREPROCESSOR_DEFINITIONS = (
					"DEBUG=1",
					"$(inherited)",
				);
				GCC_WARN_64_TO_32_BIT_CONVERSION = YES;
				GCC_WARN_ABOUT_RETURN_TYPE = YES_ERROR;
				GCC_WARN_UNDECLARED_SELECTOR = YES;
				GCC_WARN_UNINITIALIZED_AUTOS = YES_AGGRESSIVE;
				GCC_WARN_UNUSED_FUNCTION = YES;
				GCC_WARN_UNUSED_VARIABLE = YES;
				IPHONEOS_DEPLOYMENT_TARGET = 9.2;
				MTL_ENABLE_DEBUG_INFO = YES;
				ONLY_ACTIVE_ARCH = YES;
				SDKROOT = iphoneos;
				SWIFT_OPTIMIZATION_LEVEL = "-Onone";
			};
			name = Debug;
		};
		780BFFC41C95EAAB00D34FD3 /* Release */ = {
			isa = XCBuildConfiguration;
			buildSettings = {
				ALWAYS_SEARCH_USER_PATHS = NO;
				CLANG_CXX_LANGUAGE_STANDARD = "gnu++0x";
				CLANG_CXX_LIBRARY = "libc++";
				CLANG_ENABLE_MODULES = YES;
				CLANG_ENABLE_OBJC_ARC = YES;
				CLANG_WARN_BOOL_CONVERSION = YES;
				CLANG_WARN_CONSTANT_CONVERSION = YES;
				CLANG_WARN_DIRECT_OBJC_ISA_USAGE = YES_ERROR;
				CLANG_WARN_EMPTY_BODY = YES;
				CLANG_WARN_ENUM_CONVERSION = YES;
				CLANG_WARN_INT_CONVERSION = YES;
				CLANG_WARN_OBJC_ROOT_CLASS = YES_ERROR;
				CLANG_WARN_UNREACHABLE_CODE = YES;
				CLANG_WARN__DUPLICATE_METHOD_MATCH = YES;
				"CODE_SIGN_IDENTITY[sdk=iphoneos*]" = "iPhone Developer";
				COPY_PHASE_STRIP = NO;
				DEBUG_INFORMATION_FORMAT = "dwarf-with-dsym";
				ENABLE_NS_ASSERTIONS = NO;
				ENABLE_STRICT_OBJC_MSGSEND = YES;
				GCC_C_LANGUAGE_STANDARD = gnu99;
				GCC_NO_COMMON_BLOCKS = YES;
				GCC_WARN_64_TO_32_BIT_CONVERSION = YES;
				GCC_WARN_ABOUT_RETURN_TYPE = YES_ERROR;
				GCC_WARN_UNDECLARED_SELECTOR = YES;
				GCC_WARN_UNINITIALIZED_AUTOS = YES_AGGRESSIVE;
				GCC_WARN_UNUSED_FUNCTION = YES;
				GCC_WARN_UNUSED_VARIABLE = YES;
				IPHONEOS_DEPLOYMENT_TARGET = 9.2;
				MTL_ENABLE_DEBUG_INFO = NO;
				SDKROOT = iphoneos;
				VALIDATE_PRODUCT = YES;
			};
			name = Release;
		};
		780BFFC61C95EAAB00D34FD3 /* Debug */ = {
			isa = XCBuildConfiguration;
			buildSettings = {
				ASSETCATALOG_COMPILER_APPICON_NAME = AppIcon;
				INFOPLIST_FILE = "retro-calculator/Info.plist";
				LD_RUNPATH_SEARCH_PATHS = "$(inherited) @executable_path/Frameworks";
				PRODUCT_BUNDLE_IDENTIFIER = "com.phillippaik.retro-calculator";
				PRODUCT_NAME = "$(TARGET_NAME)";
			};
			name = Debug;
		};
		780BFFC71C95EAAB00D34FD3 /* Release */ = {
			isa = XCBuildConfiguration;
			buildSettings = {
				ASSETCATALOG_COMPILER_APPICON_NAME = AppIcon;
				INFOPLIST_FILE = "retro-calculator/Info.plist";
				LD_RUNPATH_SEARCH_PATHS = "$(inherited) @executable_path/Frameworks";
				PRODUCT_BUNDLE_IDENTIFIER = "com.phillippaik.retro-calculator";
				PRODUCT_NAME = "$(TARGET_NAME)";
			};
			name = Release;
		};
/* End XCBuildConfiguration section */

/* Begin XCConfigurationList section */
		780BFFAE1C95EAAB00D34FD3 /* Build configuration list for PBXProject "retro-calculator" */ = {
			isa = XCConfigurationList;
			buildConfigurations = (
				780BFFC31C95EAAB00D34FD3 /* Debug */,
				780BFFC41C95EAAB00D34FD3 /* Release */,
			);
			defaultConfigurationIsVisible = 0;
			defaultConfigurationName = Release;
		};
		780BFFC51C95EAAB00D34FD3 /* Build configuration list for PBXNativeTarget "retro-calculator" */ = {
			isa = XCConfigurationList;
			buildConfigurations = (
				780BFFC61C95EAAB00D34FD3 /* Debug */,
				780BFFC71C95EAAB00D34FD3 /* Release */,
			);
			defaultConfigurationIsVisible = 0;
		};
/* End XCConfigurationList section */
	};
	rootObject = 780BFFAB1C95EAAB00D34FD3 /* Project object */;
}
